github.com/gorilla/websocket v1.5.3 h1:saDtZ6Pbx/0u+bgYQ81d9wZIavvw4c5bZCBSYHi3qLU=
github.com/gorilla/websocket v1.5.3/go.mod h1:0n9omg8dBMVwzK0Y1Fpy3VhX0POA1kt5EcC0Q0Z/tiY=
github.com/pion/datachannel v1.5.8 h1:K6ZETqJV0nB6N/2wBKKHk2bK0J8n9q4EvpGy9y6iD8M=
github.com/pion/datachannel v1.5.8/go.mod h1:S8N1zXAKo4W8HUyR+dk4g4Yh/f6zD4+M7n8Soh2M5e4=
github.com/pion/dtls/v3 v3.0.2 h1:/0nQDU9e2DVB8lWtP3eK2F0MOKnlURsXqH4JqR/2u4o=
github.com/pion/dtls/v3 v3.0.2/go.mod h1:9QCyuR/z3f9A6s6o6P4Z4X6oTnIPdMIpC5q/oa1cB8o=
github.com/pion/ice/v3 v3.0.7 h1:SO9v7n8i2eL6e6X8q2uL6G8mOa4jEmk6f5sliY7S1hE=
github.com/pion/ice/v3 v3.0.7/go.mod h1:y0M3pT1b9XwYqB2x7E4j3i5qDya9VGV/nQv8N6vdiA=
github.com/pion/interceptor v0.1.29 h1:39FQg8Zy3p0Y4G0Zvb1D4RkxU3gcbS9Hn1qWop1Ym2w=
github.com/pion/interceptor v0.1.29/go.mod h1:bpR5X5qUR7BmD3dZ9WB7smqUqQ7lI/4d4nZ5Dko2Q0c=
github.com/pion/logging v0.2.2 h1:M9+AIj/+pxNsDfAT64+MAVgJO0rsyLnoYkCvPcJtV7E=
github.com/pion/logging v0.2.2/go.mod h1:k0/tDVsRCX2Mb2ZEmTqNa7CWsQPc+YYCB7Q+5pahoms=
github.com/pion/randutil v0.1.0 h1:CFG1UdESneORglxyPTI/E7L2MQceu+2rhU3K4TBYJc=
github.com/pion/randutil v0.1.0/go.mod h1:XcJrSMMbbMRhASFVOlj/5hQial/Y8oH/HVo7TBZq+j8=
github.com/pion/rtcp v1.2.14 h1:KCkGVZyS9OrIuTUeDbB9Dy8uOJ1nWnse3L9eQ+DNssg=
github.com/pion/rtcp v1.2.14/go.mod h1:sn6qTC3dVYcbaWI1m1u4A7E6wjb4m72o2+A6L4ZOQto=
github.com/pion/rtp v1.8.6 h1:EWwGJzt4mE1E5C2ST2kLb8P5qWYd0HE92jW6iTz81YQ=
github.com/pion/rtp v1.8.6/go.mod h1:pBGHaFt/yW7bf1jjWAoUjpSNoDnw98KTMg+jCGcpXY0=
github.com/pion/sctp v1.8.20 h1:G4PF4n1Tp8o2H5djv0m3hAA/0pAtk0N6QZLop8wn8kk=
github.com/pion/sctp v1.8.20/go.mod h1:oTxvVuhxRFmD0q5URtL7L4KyjfT3muZ2bRh4wF8x9U8=
github.com/pion/sdp/v3 v3.0.9 h1:pX++dCHoHUwq43kuwf3PyJfHlwIj4hXA7Vrifiq0IJY=
github.com/pion/sdp/v3 v3.0.9/go.mod h1:Bc7qD5h8QP5yvaqmAk4pWy6p4M1qR/Z9W78d8d2HVHk=
github.com/pion/srtp/v3 v3.0.4 h1:tL5IEn6f7UJL0t1a7pSTo9rPJJjVUO98A+ljatNL5tw=
github.com/pion/srtp/v3 v3.0.4/go.mod h1:0KqWHTyg4kP1fyiY58n6zFNO6q/h4L7dYq4TSEL2j/4=
github.com/pion/stun/v2 v2.0.0 h1:A5+wXKc/POhZ1w2kNirw1vW2m4bW6uU+dQ4YdTRFB5A=
github.com/pion/stun/v2 v2.0.0/go.mod h1:22qRSh08fSEttYUmJZ6oozBOnRXaT9e2n5kU8OEpT+I=
github.com/pion/transport/v3 v3.0.7 h1:iRbMH05BzSNwhILHoR6giT9CS5IHvGa0ksUo1KLZB6k=
github.com/pion/transport/v3 v3.0.7/go.mod h1:6T2p6I8mMfaUXyxj5qZxOE0nZJYUqnm7DvOQb8MUPHQ=
github.com/pion/turn/v3 v3.0.2 h1:3L4bL6h4GStnT2fA1n6U0gVyiqTx5R3M3dVi0j2t8sA=
github.com/pion/turn/v3 v3.0.2/go.mod h1:97Yue9PwsN5bDV3nVO4ceePTOaRL9iRPFU5oe5W/p2k=
github.com/pion/webrtc/v4 v4.0.9 h1:0Rtwh9j3A7I8zJqy7Z0V1bN9V4Kz4b9CbgR8wB8dOaI=
github.com/pion/webrtc/v4 v4.0.9/go.mod h1:0oz0D4JdZ7y5LrtDs4GnQ8hF0IzAnm+h9z5W0f/8c2w=
golang.org/x/crypto v0.25.0 h1:ypSNr+bnZeSWd8feAqFkfh9pLu1uXnbVnA57EHZ0J58=
golang.org/x/crypto v0.25.0/go.mod h1:T+wALwcMOSE0kXgUAnPAHqTLW+XHgcELELW8VaDgm/M=
golang.org/x/net v0.27.0 h1:5K3Njcw06/l2y9vpGCS7yYpb5QceXGS3Ax9nQ6QfY38=
golang.org/x/net v0.27.0/go.mod h1:d/OXtBVUgsfDn90YVlZf2IH5ZJr5Bxv7z5kMn6NWs1Y=
golang.org/x/sys v0.22.0 h1:RI27ohtqCVTYaVZfIBkZHidjpUBgBQZj6W+V4gsg1lU=
golang.org/x/sys v0.22.0/go.mod h1:/VUhepiaJMQUp4+oa/7Zr1D23ma6VTLIYjOOTFZPUcA=